{
    "_meta": {
        "hash": {
            "sha256": "82d14f61298164b26d1157b88c61fc62ab473a5bb72fb185568ab9bdb5989d2d"
        },
        "pipfile-spec": 6,
        "requires": {
            "python_version": "3.9"
        },
        "sources": [
            {
                "name": "pypi",
                "url": "https://pypi.org/simple",
                "verify_ssl": true
            }
        ]
    },
    "default": {
        "beautifulsoup4": {
            "hashes": [
                "sha256:4c98143716ef1cb40bf7f39a8e3eec8f8b009509e74904ba3a7b315431577e35",
                "sha256:84729e322ad1d5b4d25f805bfa05b902dd96450f43842c4e99067d5e1369eb25",
                "sha256:fff47e031e34ec82bf17e00da8f592fe7de69aeea38be00523c04623c04fb666"
            ],
            "version": "==4.9.3"
        },
        "certifi": {
            "hashes": [
                "sha256:5930595817496dd21bb8dc35dad090f1c2cd0adfaf21204bf6732ca5d8ee34d3",
                "sha256:8fc0819f1f30ba15bdb34cceffb9ef04d99f420f68eb75d901e9560b8749fc41"
            ],
            "version": "==2020.6.20"
        },
        "chardet": {
            "hashes": [
                "sha256:84ab92ed1c4d4f16916e05906b6b75a6c0fb5db821cc65e70cbd64a3e2a5eaae",
                "sha256:fc323ffcaeaed0e0a02bf4d117757b98aed530d9ed4531e3e15460124c106691"
            ],
            "version": "==3.0.4"
        },
        "idna": {
            "hashes": [
                "sha256:b307872f855b18632ce0c21c5e45be78c0ea7ae4c15c828c20788b26921eb3f6",
                "sha256:b97d804b1e9b523befed77c48dacec60e6dcb0b5391d57af6a65a312a90648c0"
            ],
            "version": "==2.10"
        },
        "pluggy": {
            "hashes": [
                "sha256:15b2acde666561e1298d71b523007ed7364de07029219b604cf808bfa1c765b0",
                "sha256:966c145cd83c96502c3c3868f50408687b38434af77734af1e9ca461a4081d2d"
            ],
            "version": "==0.13.1"
        },
        "pypom": {
            "hashes": [
                "sha256:4bdd57fceb72d7e6a3645cf6c9322f490d9cfb5d777eac2c851a3b658b813939",
                "sha256:6772ec99f0a21a5bdc8c092007a8c813ed18359e67ed70258bbb233df5e28829"
            ],
            "index": "pypi",
            "version": "==2.2.0"
        },
        "requests": {
            "hashes": [
                "sha256:b3559a131db72c33ee969480840fff4bb6dd111de7dd27c8ee1f820f4f00231b",
                "sha256:fe75cc94a9443b9246fc7049224f75604b113c36acb93f87b80ed42c44cbb898"
            ],
            "version": "==2.24.0"
        },
        "selenium": {
            "hashes": [
                "sha256:2d7131d7bc5a5b99a2d9b04aaf2612c411b03b8ca1b1ee8d3de5845a9be2cb3c",
                "sha256:deaf32b60ad91a4611b98d8002757f29e6f2c2d5fcaf202e1c9ad06d6772300d"
            ],
            "version": "==3.141.0"
        },
        "soupsieve": {
            "hashes": [
                "sha256:1634eea42ab371d3d346309b93df7870a88610f0725d47528be902a0d95ecc55",
                "sha256:a59dc181727e95d25f781f0eb4fd1825ff45590ec8ff49eadfd7f1a537cc0232"
            ],
            "markers": "python_version >= '3.0'",
            "version": "==2.0.1"
        },
        "tqdm": {
            "hashes": [
                "sha256:43ca183da3367578ebf2f1c2e3111d51ea161ed1dc4e6345b86e27c2a93beff7",
                "sha256:69dfa6714dee976e2425a9aab84b622675b7b1742873041e3db8a8e86132a4af"
            ],
            "version": "==4.50.2"
        },
        "urllib3": {
            "hashes": [
                "sha256:91056c15fa70756691db97756772bb1eb9678fa585d9184f24534b100dc60f4a",
                "sha256:e7983572181f5e1522d9c98453462384ee92a0be7fac5f1413a1e35c56cc0461"
            ],
            "version": "==1.25.10"
        },
        "webdriverdownloader": {
            "hashes": [
                "sha256:12ad97ae7021e29fb6bc6c80c2b6d224ced003ce7a06174b2948dcf3b11d59fb",
                "sha256:35abe7a4310789e5b5ccd47fdeef5e80dbb696c2f7de535728544af801fa7e06"
            ],
            "index": "pypi",
            "version": "==1.1.0.3"
        },
        "zope.component": {
            "hashes": [
                "sha256:607628e4c84f7887a69a958542b5c304663e726b73aba0882e3a3f059bff14f3",
                "sha256:91628918218b3e6f6323de2a7b845e09ddc5cae131c034896c051b084bba3c92"
            ],
            "version": "==4.6.2"
        },
        "zope.deferredimport": {
            "hashes": [
                "sha256:57b2345e7b5eef47efcd4f634ff16c93e4265de3dcf325afc7315ade48d909e1",
                "sha256:9a0c211df44aa95f1c4e6d2626f90b400f56989180d3ef96032d708da3d23e0a"
            ],
            "version": "==4.3.1"
        },
        "zope.deprecation": {
            "hashes": [
                "sha256:0d453338f04bacf91bbfba545d8bcdf529aa829e67b705eac8c1a7fdce66e2df",
                "sha256:f1480b74995958b24ce37b0ef04d3663d2683e5d6debc96726eff18acf4ea113"
            ],
            "version": "==4.4.0"
        },
        "zope.event": {
            "hashes": [
                "sha256:2666401939cdaa5f4e0c08cf7f20c9b21423b95e88f4675b1443973bdb080c42",
                "sha256:5e76517f5b9b119acf37ca8819781db6c16ea433f7e2062c4afc2b6fbedb1330"
            ],
            "version": "==4.5.0"
        },
        "zope.hookable": {
            "hashes": [
                "sha256:0194b9b9e7f614abba60c90b231908861036578297515d3d6508eb10190f266d",
                "sha256:0c2977473918bdefc6fa8dfb311f154e7f13c6133957fe649704deca79b92093",
                "sha256:17b8bdb3b77e03a152ca0d5ca185a7ae0156f5e5a2dbddf538676633a1f7380f",
                "sha256:29d07681a78042cdd15b268ae9decffed9ace68a53eebeb61d65ae931d158841",
                "sha256:36fb1b35d1150267cb0543a1ddd950c0bc2c75ed0e6e92e3aaa6ac2e29416cb7",
                "sha256:3aed60c2bb5e812bbf9295c70f25b17ac37c233f30447a96c67913ba5073642f",
                "sha256:3cac1565cc768911e72ca9ec4ddf5c5109e1fef0104f19f06649cf1874943b60",
                "sha256:3d4bc0cc4a37c3cd3081063142eeb2125511db3c13f6dc932d899c512690378e",
                "sha256:3f73096f27b8c28be53ffb6604f7b570fbbb82f273c6febe5f58119009b59898",
                "sha256:522d1153d93f2d48aa0bd9fb778d8d4500be2e4dcf86c3150768f0e3adbbc4ef",
                "sha256:523d2928fb7377bbdbc9af9c0b14ad73e6eaf226349f105733bdae27efd15b5a",
                "sha256:5848309d4fc5c02150a45e8f8d2227e5bfda386a508bbd3160fed7c633c5a2fa",
                "sha256:6781f86e6d54a110980a76e761eb54590630fd2af2a17d7edf02a079d2646c1d",
                "sha256:6fd27921ebf3aaa945fa25d790f1f2046204f24dba4946f82f5f0a442577c3e9",
                "sha256:70d581862863f6bf9e175e85c9d70c2d7155f53fb04dcdb2f73cf288ca559a53",
                "sha256:81867c23b0dc66c8366f351d00923f2bc5902820a24c2534dfd7bf01a5879963",
                "sha256:81db29edadcbb740cd2716c95a297893a546ed89db1bfe9110168732d7f0afdd",
                "sha256:86bd12624068cea60860a0759af5e2c3adc89c12aef6f71cf12f577e28deefe3",
                "sha256:9c184d8f9f7a76e1ced99855ccf390ffdd0ec3765e5cbf7b9cada600accc0a1e",
                "sha256:acc789e8c29c13555e43fe4bf9fcd15a65512c9645e97bbaa5602e3201252b02",
                "sha256:afaa740206b7660d4cc3b8f120426c85761f51379af7a5b05451f624ad12b0af",
                "sha256:b5f5fa323f878bb16eae68ea1ba7f6c0419d4695d0248bed4b18f51d7ce5ab85",
                "sha256:bd89e0e2c67bf4ac3aca2a19702b1a37269fb1923827f68324ac2e7afd6e3406",
                "sha256:c212de743283ec0735db24ec6ad913758df3af1b7217550ff270038062afd6ae",
                "sha256:ca553f524293a0bdea05e7f44c3e685e4b7b022cb37d87bc4a3efa0f86587a8d",
                "sha256:cab67065a3db92f636128d3157cc5424a145f82d96fb47159c539132833a6d36",
                "sha256:d3b3b3eedfdbf6b02898216e85aa6baf50207f4378a2a6803d6d47650cd37031",
                "sha256:d9f4a5a72f40256b686d31c5c0b1fde503172307beb12c1568296e76118e402c",
                "sha256:df5067d87aaa111ed5d050e1ee853ba284969497f91806efd42425f5348f1c06",
                "sha256:e2587644812c6138f05b8a41594a8337c6790e3baf9a01915e52438c13fc6bef",
                "sha256:e27fd877662db94f897f3fd532ef211ca4901eb1a70ba456f15c0866a985464a",
                "sha256:e427ebbdd223c72e06ba94c004bb04e996c84dec8a0fa84e837556ae145c439e",
                "sha256:e583ad4309c203ef75a09d43434cf9c2b4fa247997ecb0dcad769982c39411c7",
                "sha256:e760b2bc8ece9200804f0c2b64d10147ecaf18455a2a90827fbec4c9d84f3ad5",
                "sha256:ea9a9cc8bcc70e18023f30fa2f53d11ae069572a162791224e60cd65df55fb69",
                "sha256:ecb3f17dce4803c1099bd21742cd126b59817a4e76a6544d31d2cca6e30dbffd",
                "sha256:ed794e3b3de42486d30444fb60b5561e724ee8a2d1b17b0c2e0f81e3ddaf7a87",
                "sha256:ee885d347279e38226d0a437b6a932f207f691c502ee565aba27a7022f1285df",
                "sha256:fd5e7bc5f24f7e3d490698f7b854659a9851da2187414617cd5ed360af7efd63",
                "sha256:fe45f6870f7588ac7b2763ff1ce98cce59369717afe70cc353ec5218bc854bcc"
            ],
            "version": "==5.0.1"
        },
        "zope.interface": {
            "hashes": [
                "sha256:040f833694496065147e76581c0bf32b229a8b8c5eda120a0293afb008222387",
                "sha256:11198b44e4a3d8c7a80cc20bbdd65522258a4d82fe467cd310c9fcce8ffe2ed2",
                "sha256:121a9dccfe0c34be9c33b2c28225f0284f9b8e090580ffdff26c38fa16c7ffe1",
                "sha256:15f3082575e7e19581a80b866664f843719b647a7f7189c811ba7f9ab3309f83",
                "sha256:1d73d8986f948525536956ddd902e8a587a6846ebf4492117db16daba2865ddf",
                "sha256:208e82f73b242275b8566ac07a25158e7b21fa2f14e642a7881048430612d1a6",
                "sha256:2557833df892558123d791d6ff80ac4a2a0351f69c7421c7d5f0c07db72c8865",
                "sha256:25ea6906f9987d42546329d06f9750e69f0ee62307a2e7092955ed0758e64f09",
                "sha256:2c867914f7608674a555ac8daf20265644ac7be709e1da7d818089eebdfe544e",
                "sha256:2eadac20711a795d3bb7a2bfc87c04091cb5274d9c3281b43088a1227099b662",
                "sha256:37999d5ebd5d7bcd32438b725ca3470df05a7de8b1e9c0395bef24296b31ca99",
                "sha256:3ae8946d51789779f76e4fa326fd6676d8c19c1c3b4c4c5e9342807185264875",
                "sha256:5636cd7e60583b1608044ae4405e91575399430e66a5e1812f4bf30bcc55864e",
                "sha256:570e637cb6509998555f7e4af13006d89fad6c09cfc5c4795855385391063e4b",
                "sha256:590a40447ff3803c44050ce3c17c3958f11ca028dae3eacdd7b96775184394fa",
                "sha256:5aab51b9c1af1b8a84f40aa49ffe1684d41810b18d6c3e94aa50194e0a563f01",
                "sha256:5ffe4e0753393bcbcfc9a58133ed3d3a584634cc7cc2e667f8e3e6fbcbb2155d",
                "sha256:663982381bd428a275a841009e52983cc69c471a4979ce01344fadbf72cf353d",
                "sha256:6d06bf8e24dd6c473c4fbd8e16a83bd2e6d74add6ba25169043deb46d497b211",
                "sha256:6e5b9a4bf133cf1887b4a04c21c10ca9f548114f19c83957b2820d5c84254940",
                "sha256:70a2aed9615645bbe9d82c0f52bc7e676d2c0f8a63933d68418e0cb307f30536",
                "sha256:7750746421c4395e3d2cc3d805919f4f57bb9f2a9a0ccd955566a9341050a1b4",
                "sha256:7fc8708bc996e50fc7a9a2ad394e1f015348e389da26789fa6916630237143d7",
                "sha256:91abd2f080065a7c007540f6bbd93ef7bdbbffa6df4a4cfab3892d8623b83c98",
                "sha256:988f8b2281f3d95c66c01bdb141cefef1cc97db0d473c25c3fe2927ef00293b9",
                "sha256:9f56121d8a676802044584e6cc41250bbcde069d8adf725b9b817a6b0fd87f09",
                "sha256:a0f51536ce6e817a7aa25b0dca8b62feb210d4dc22cabfe8d1a92d47979372cd",
                "sha256:a1cdd7390d7f66ddcebf545203ca3728c4890d605f9f2697bc8e31437906e8e7",
                "sha256:b10eb4d0a77609679bf5f23708e20b1cd461a1643bd8ea42b1ca4149b1a5406c",
                "sha256:b274ac8e511b55ffb62e8292316bd2baa80c10e9fe811b1aa5ce81da6b6697d8",
                "sha256:c75b502af2c83fcfa2ee9c2257c1ba5806634a91a50db6129ff70e67c42c7e7b",
                "sha256:c9c8e53a5472b77f6a391b515c771105011f4b40740ce53af8428d1c8ca20004",
                "sha256:d867998a56c5133b9d31992beb699892e33b72150a8bf40f86cb52b8c606c83f",
                "sha256:eb566cab630ec176b2d6115ed08b2cf4d921b47caa7f02cca1b4a9525223ee94",
                "sha256:f61e6b95b414431ffe9dc460928fe9f351095fde074e2c2f5c6dda7b67a2192d",
                "sha256:f718675fd071bcce4f7cbf9250cbaaf64e2e91ef1b0b32a1af596e7412647556",
                "sha256:f9d4bfbd015e4b80dbad11c97049975f94592a6a0440e903ee647309f6252a1f",
                "sha256:fae50fc12a5e8541f6f1cc4ed744ca8f76a9543876cf63f618fb0e6aca8f8375",
                "sha256:fcf9c8edda7f7b2fd78069e97f4197815df5e871ec47b0f22580d330c6dec561",
                "sha256:fdedce3bc5360bd29d4bb90396e8d4d3c09af49bc0383909fe84c7233c5ee675"
            ],
            "version": "==5.1.2"
        },
        "zope.proxy": {
            "hashes": [
                "sha256:00573dfa755d0703ab84bb23cb6ecf97bb683c34b340d4df76651f97b0bab068",
                "sha256:092049280f2848d2ba1b57b71fe04881762a220a97b65288bcb0968bb199ec30",
                "sha256:0cbd27b4d3718b5ec74fc65ffa53c78d34c65c6fd9411b8352d2a4f855220cf1",
                "sha256:17fc7e16d0c81f833a138818a30f366696653d521febc8e892858041c4d88785",
                "sha256:19577dfeb70e8a67249ba92c8ad20589a1a2d86a8d693647fa8385408a4c17b0",
                "sha256:207aa914576b1181597a1516e1b90599dc690c095343ae281b0772e44945e6a4",
                "sha256:219a7db5ed53e523eb4a4769f13105118b6d5b04ed169a283c9775af221e231f",
                "sha256:2b50ea79849e46b5f4f2b0247a3687505d32d161eeb16a75f6f7e6cd81936e43",
                "sha256:5903d38362b6c716e66bbe470f190579c530a5baf03dbc8500e5c2357aa569a5",
                "sha256:5c24903675e271bd688c6e9e7df5775ac6b168feb87dbe0e4bcc90805f21b28f",
                "sha256:5ef6bc5ed98139e084f4e91100f2b098a0cd3493d4e76f9d6b3f7b95d7ad0f06",
                "sha256:61b55ae3c23a126a788b33ffb18f37d6668e79a05e756588d9e4d4be7246ab1c",
                "sha256:63ddb992931a5e616c87d3d89f5a58db086e617548005c7f9059fac68c03a5cc",
                "sha256:6943da9c09870490dcfd50c4909c0cc19f434fa6948f61282dc9cb07bcf08160",
                "sha256:6ad40f85c1207803d581d5d75e9ea25327cd524925699a83dfc03bf8e4ba72b7",
                "sha256:6b44433a79bdd7af0e3337bd7bbcf53dd1f9b0fa66bf21bcb756060ce32a96c1",
                "sha256:6bbaa245015d933a4172395baad7874373f162955d73612f0b66b6c2c33b6366",
                "sha256:7007227f4ea85b40a2f5e5a244479f6a6dfcf906db9b55e812a814a8f0e2c28d",
                "sha256:74884a0aec1f1609190ec8b34b5d58fb3b5353cf22b96161e13e0e835f13518f",
                "sha256:7d25fe5571ddb16369054f54cdd883f23de9941476d97f2b92eb6d7d83afe22d",
                "sha256:7e162bdc5e3baad26b2262240be7d2bab36991d85a6a556e48b9dfb402370261",
                "sha256:814d62678dc3a30f4aa081982d830b7c342cf230ffc9d030b020cb154eeebf9e",
                "sha256:8878a34c5313ee52e20aa50b03138af8d472bae465710fb954d133a9bfd3c38d",
                "sha256:a66a0d94e5b081d5d695e66d6667e91e74d79e273eee95c1747717ba9cb70792",
                "sha256:a69f5cbf4addcfdf03dda564a671040127a6b7c34cf9fe4973582e68441b63fa",
                "sha256:b00f9f0c334d07709d3f73a7cb8ae63c6ca1a90c790a63b5e7effa666ef96021",
                "sha256:b6ed71e4a7b4690447b626f499d978aa13197a0e592950e5d7020308f6054698",
                "sha256:bdf5041e5851526e885af579d2f455348dba68d74f14a32781933569a327fddf",
                "sha256:be034360dd34e62608419f86e799c97d389c10a0e677a25f236a971b2f40dac9",
                "sha256:cc8f590a5eed30b314ae6b0232d925519ade433f663de79cc3783e4b10d662ba",
                "sha256:cd7a318a15fe6cc4584bf3c4426f092ed08c0fd012cf2a9173114234fe193e11",
                "sha256:cf19b5f63a59c20306e034e691402b02055c8f4e38bf6792c23cad489162a642",
                "sha256:cfc781ce442ec407c841e9aa51d0e1024f72b6ec34caa8fdb6ef9576d549acf2",
                "sha256:dea9f6f8633571e18bc20cad83603072e697103a567f4b0738d52dd0211b4527",
                "sha256:e4a86a1d5eb2cce83c5972b3930c7c1eac81ab3508464345e2b8e54f119d5505",
                "sha256:e7106374d4a74ed9ff00c46cc00f0a9f06a0775f8868e423f85d4464d2333679",
                "sha256:e98a8a585b5668aa9e34d10f7785abf9545fe72663b4bfc16c99a115185ae6a5",
                "sha256:f64840e68483316eb58d82c376ad3585ca995e69e33b230436de0cdddf7363f9",
                "sha256:f8f4b0a9e6683e43889852130595c8854d8ae237f2324a053cdd884de936aa9b",
                "sha256:fc45a53219ed30a7f670a6d8c98527af0020e6fd4ee4c0a8fb59f147f06d816c"
            ],
            "version": "==4.3.5"
        }
    },
    "develop": {
        "astroid": {
            "hashes": [
                "sha256:2f4078c2a41bf377eea06d71c9d2ba4eb8f6b1af2135bec27bbbb7d8f12bb703",
                "sha256:bc58d83eb610252fd8de6363e39d4f1d0619c894b0ed24603b881c02e64c7386"
            ],
            "version": "==2.4.2"
        },
        "backcall": {
            "hashes": [
                "sha256:5cbdbf27be5e7cfadb448baf0aa95508f91f2bbc6c6437cd9cd06e2a4c215e1e",
                "sha256:fbbce6a29f263178a1f7915c1940bde0ec2b2a967566fe1c65c1dfb7422bd255"
            ],
            "version": "==0.2.0"
        },
        "decorator": {
            "hashes": [
                "sha256:41fa54c2a0cc4ba648be4fd43cff00aedf5b9465c9bf18d64325bc225f08f760",
                "sha256:e3a62f0520172440ca0dcc823749319382e377f37f140a0b99ef45fecb84bfe7"
            ],
            "version": "==4.4.2"
        },
        "ipython": {
            "hashes": [
                "sha256:2e22c1f74477b5106a6fb301c342ab8c64bb75d702e350f05a649e8cb40a0fb8",
                "sha256:a331e78086001931de9424940699691ad49dfb457cea31f5471eae7b78222d5e"
            ],
            "index": "pypi",
            "version": "==7.18.1"
        },
        "ipython-genutils": {
            "hashes": [
                "sha256:72dd37233799e619666c9f639a9da83c34013a73e8bbc79a7a6348d93c61fab8",
                "sha256:eb2e116e75ecef9d4d228fdc66af54269afa26ab4463042e33785b887c628ba8"
            ],
            "version": "==0.2.0"
        },
        "isort": {
            "hashes": [
                "sha256:2c1d044a96c74367ab12188593d134c596747d97aec43b9cdb12eea83b6889d2",
                "sha256:3820dd92c3214290cda6351f2ae2cedd5170759bc434af600eaad4f7a82a6ade"
            ],
            "index": "pypi",
            "version": "==5.6.3"
        },
        "jedi": {
            "hashes": [
                "sha256:86ed7d9b750603e4ba582ea8edc678657fb4007894a12bcf6f4bb97892f31d20",
                "sha256:98cc583fa0f2f8304968199b01b6b4b94f469a1f4a74c1560506ca2a211378b5"
            ],
            "version": "==0.17.2"
        },
        "lazy-object-proxy": {
            "hashes": [
                "sha256:0c4b206227a8097f05c4dbdd323c50edf81f15db3b8dc064d08c62d37e1a504d",
                "sha256:194d092e6f246b906e8f70884e620e459fc54db3259e60cf69a4d66c3fda3449",
                "sha256:1be7e4c9f96948003609aa6c974ae59830a6baecc5376c25c92d7d697e684c08",
                "sha256:4677f594e474c91da97f489fea5b7daa17b5517190899cf213697e48d3902f5a",
                "sha256:48dab84ebd4831077b150572aec802f303117c8cc5c871e182447281ebf3ac50",
                "sha256:5541cada25cd173702dbd99f8e22434105456314462326f06dba3e180f203dfd",
                "sha256:59f79fef100b09564bc2df42ea2d8d21a64fdcda64979c0fa3db7bdaabaf6239",
                "sha256:8d859b89baf8ef7f8bc6b00aa20316483d67f0b1cbf422f5b4dc56701c8f2ffb",
                "sha256:9254f4358b9b541e3441b007a0ea0764b9d056afdeafc1a5569eee1cc6c1b9ea",
                "sha256:9651375199045a358eb6741df3e02a651e0330be090b3bc79f6d0de31a80ec3e",
                "sha256:97bb5884f6f1cdce0099f86b907aa41c970c3c672ac8b9c8352789e103cf3156",
                "sha256:9b15f3f4c0f35727d3a0fba4b770b3c4ebbb1fa907dbcc046a1d2799f3edd142",
                "sha256:a2238e9d1bb71a56cd710611a1614d1194dc10a175c1e08d75e1a7bcc250d442",
                "sha256:a6ae12d08c0bf9909ce12385803a543bfe99b95fe01e752536a60af2b7797c62",
                "sha256:ca0a928a3ddbc5725be2dd1cf895ec0a254798915fb3a36af0964a0a4149e3db",
                "sha256:cb2c7c57005a6804ab66f106ceb8482da55f5314b7fcb06551db1edae4ad1531",
                "sha256:d74bb8693bf9cf75ac3b47a54d716bbb1a92648d5f781fc799347cfc95952383",
                "sha256:d945239a5639b3ff35b70a88c5f2f491913eb94871780ebfabb2568bd58afc5a",
                "sha256:eba7011090323c1dadf18b3b689845fd96a61ba0a1dfbd7f24b921398affc357",
                "sha256:efa1909120ce98bbb3777e8b6f92237f5d5c8ea6758efea36a473e1d38f7d3e4",
                "sha256:f3900e8a5de27447acbf900b4750b0ddfd7ec1ea7fbaf11dfa911141bc522af0"
            ],
            "version": "==1.4.3"
        },
        "mccabe": {
            "hashes": [
                "sha256:ab8a6258860da4b6677da4bd2fe5dc2c659cff31b3ee4f7f5d64e79735b80d42",
                "sha256:dd8d182285a0fe56bace7f45b5e7d1a6ebcbf524e8f3bd87eb0f125271b8831f"
            ],
            "version": "==0.6.1"
        },
        "mypy": {
            "hashes": [
                "sha256:0a0d102247c16ce93c97066443d11e2d36e6cc2a32d8ccc1f705268970479324",
                "sha256:0d34d6b122597d48a36d6c59e35341f410d4abfa771d96d04ae2c468dd201abc",
                "sha256:2170492030f6faa537647d29945786d297e4862765f0b4ac5930ff62e300d802",
                "sha256:2842d4fbd1b12ab422346376aad03ff5d0805b706102e475e962370f874a5122",
                "sha256:2b21ba45ad9ef2e2eb88ce4aeadd0112d0f5026418324176fd494a6824b74975",
                "sha256:72060bf64f290fb629bd4a67c707a66fd88ca26e413a91384b18db3876e57ed7",
                "sha256:af4e9ff1834e565f1baa74ccf7ae2564ae38c8df2a85b057af1dbbc958eb6666",
                "sha256:bd03b3cf666bff8d710d633d1c56ab7facbdc204d567715cb3b9f85c6e94f669",
                "sha256:c614194e01c85bb2e551c421397e49afb2872c88b5830e3554f0519f9fb1c178",
                "sha256:cf4e7bf7f1214826cf7333627cb2547c0db7e3078723227820d0a2490f117a01",
                "sha256:da56dedcd7cd502ccd3c5dddc656cb36113dd793ad466e894574125945653cea",
                "sha256:e86bdace26c5fe9cf8cb735e7cedfe7850ad92b327ac5d797c656717d2ca66de",
                "sha256:e97e9c13d67fbe524be17e4d8025d51a7dca38f90de2e462243ab8ed8a9178d1",
                "sha256:eea260feb1830a627fb526d22fbb426b750d9f5a47b624e8d5e7e004359b219c"
            ],
            "index": "pypi",
            "version": "==0.790"
        },
        "mypy-extensions": {
            "hashes": [
                "sha256:090fedd75945a69ae91ce1303b5824f428daf5a028d2f6ab8a299250a846f15d",
                "sha256:2d82818f5bb3e369420cb3c4060a7970edba416647068eb4c5343488a6c604a8"
            ],
            "version": "==0.4.3"
        },
        "parso": {
            "hashes": [
                "sha256:97218d9159b2520ff45eb78028ba8b50d2bc61dcc062a9682666f2dc4bd331ea",
                "sha256:caba44724b994a8a5e086460bb212abc5a8bc46951bf4a9a1210745953622eb9"
            ],
            "version": "==0.7.1"
        },
        "pexpect": {
            "hashes": [
                "sha256:0b48a55dcb3c05f3329815901ea4fc1537514d6ba867a152b581d69ae3710937",
                "sha256:fc65a43959d153d0114afe13997d439c22823a27cefceb5ff35c2178c6784c0c"
            ],
            "markers": "sys_platform != 'win32'",
            "version": "==4.8.0"
        },
        "pickleshare": {
            "hashes": [
                "sha256:87683d47965c1da65cdacaf31c8441d12b8044cdec9aca500cd78fc2c683afca",
                "sha256:9649af414d74d4df115d5d718f82acb59c9d418196b7b4290ed47a12ce62df56"
            ],
            "version": "==0.7.5"
        },
        "prompt-toolkit": {
            "hashes": [
                "sha256:822f4605f28f7d2ba6b0b09a31e25e140871e96364d1d377667b547bb3bf4489",
                "sha256:83074ee28ad4ba6af190593d4d4c607ff525272a504eb159199b6dd9f950c950"
            ],
            "version": "==3.0.7"
        },
        "ptyprocess": {
            "hashes": [
                "sha256:923f299cc5ad920c68f2bc0bc98b75b9f838b93b599941a6b63ddbc2476394c0",
                "sha256:d7cc528d76e76342423ca640335bd3633420dc1366f258cb31d05e865ef5ca1f"
            ],
            "version": "==0.6.0"
        },
        "pudb": {
            "hashes": [
                "sha256:e8f0ea01b134d802872184b05bffc82af29a1eb2f9374a277434b932d68f58dc"
            ],
            "index": "pypi",
            "version": "==2019.2"
        },
        "pygments": {
            "hashes": [
                "sha256:307543fe65c0947b126e83dd5a61bd8acbd84abec11f43caebaf5534cbc17998",
                "sha256:926c3f319eda178d1bd90851e4317e6d8cdb5e292a3386aac9bd75eca29cf9c7"
            ],
            "version": "==2.7.1"
        },
        "pylint": {
            "hashes": [
                "sha256:bb4a908c9dadbc3aac18860550e870f58e1a02c9f2c204fdf5693d73be061210",
                "sha256:bfe68f020f8a0fece830a22dd4d5dddb4ecc6137db04face4c3420a46a52239f"
            ],
            "index": "pypi",
            "version": "==2.6.0"
        },
        "rope": {
            "hashes": [
                "sha256:786b5c38c530d4846aa68a42604f61b4e69a493390e3ca11b88df0fbfdc3ed04"
            ],
            "index": "pypi",
            "version": "==0.18.0"
        },
        "six": {
            "hashes": [
                "sha256:30639c035cdb23534cd4aa2dd52c3bf48f06e5f4a941509c8bafd8ce11080259",
                "sha256:8b74bedcbbbaca38ff6d7491d76f2b06b3592611af620f8426e82dddb04a5ced"
            ],
            "version": "==1.15.0"
        },
        "toml": {
            "hashes": [
                "sha256:926b612be1e5ce0634a2ca03470f95169cf16f939018233a670519cb4ac58b0f",
                "sha256:bda89d5935c2eac546d648028b9901107a595863cb36bae0c73ac804a9b4ce88"
            ],
            "version": "==0.10.1"
        },
        "traitlets": {
            "hashes": [
                "sha256:86c9351f94f95de9db8a04ad8e892da299a088a64fd283f9f6f18770ae5eae1b",
                "sha256:9664ec0c526e48e7b47b7d14cd6b252efa03e0129011de0a9c1d70315d4309c3"
            ],
            "version": "==5.0.4"
        },
        "typed-ast": {
            "hashes": [
                "sha256:0666aa36131496aed8f7be0410ff974562ab7eeac11ef351def9ea6fa28f6355",
                "sha256:0c2c07682d61a629b68433afb159376e24e5b2fd4641d35424e462169c0a7919",
                "sha256:249862707802d40f7f29f6e1aad8d84b5aa9e44552d2cc17384b209f091276aa",
                "sha256:24995c843eb0ad11a4527b026b4dde3da70e1f2d8806c99b7b4a7cf491612652",
                "sha256:269151951236b0f9a6f04015a9004084a5ab0d5f19b57de779f908621e7d8b75",
                "sha256:4083861b0aa07990b619bd7ddc365eb7fa4b817e99cf5f8d9cf21a42780f6e01",
                "sha256:498b0f36cc7054c1fead3d7fc59d2150f4d5c6c56ba7fb150c013fbc683a8d2d",
                "sha256:4e3e5da80ccbebfff202a67bf900d081906c358ccc3d5e3c8aea42fdfdfd51c1",
                "sha256:6daac9731f172c2a22ade6ed0c00197ee7cc1221aa84cfdf9c31defeb059a907",
                "sha256:715ff2f2df46121071622063fc7543d9b1fd19ebfc4f5c8895af64a77a8c852c",
                "sha256:73d785a950fc82dd2a25897d525d003f6378d1cb23ab305578394694202a58c3",
                "sha256:8c8aaad94455178e3187ab22c8b01a3837f8ee50e09cf31f1ba129eb293ec30b",
                "sha256:8ce678dbaf790dbdb3eba24056d5364fb45944f33553dd5869b7580cdbb83614",
                "sha256:aaee9905aee35ba5905cfb3c62f3e83b3bec7b39413f0a7f19be4e547ea01ebb",
                "sha256:bcd3b13b56ea479b3650b82cabd6b5343a625b0ced5429e4ccad28a8973f301b",
                "sha256:c9e348e02e4d2b4a8b2eedb48210430658df6951fa484e59de33ff773fbd4b41",
                "sha256:d205b1b46085271b4e15f670058ce182bd1199e56b317bf2ec004b6a44f911f6",
                "sha256:d43943ef777f9a1c42bf4e552ba23ac77a6351de620aa9acf64ad54933ad4d34",
                "sha256:d5d33e9e7af3b34a40dc05f498939f0ebf187f07c385fd58d591c533ad8562fe",
                "sha256:fc0fea399acb12edbf8a628ba8d2312f583bdbdb3335635db062fa98cf71fca4",
                "sha256:fe460b922ec15dd205595c9b5b99e2f056fd98ae8f9f56b888e7a17dc2b757e7"
            ],
            "version": "==1.4.1"
        },
        "typing-extensions": {
            "hashes": [
                "sha256:7cb407020f00f7bfc3cb3e7881628838e69d8f3fcab2f64742a5e76b2f841918",
                "sha256:99d4073b617d30288f569d3f13d2bd7548c3a7e4c8de87db09a9d29bb3a4a60c",
                "sha256:dafc7639cde7f1b6e1acc0f457842a83e722ccca8eef5270af2d74792619a89f"
            ],
            "version": "==3.7.4.3"
        },
        "urwid": {
            "hashes": [
                "sha256:588bee9c1cb208d0906a9f73c613d2bd32c3ed3702012f51efe318a3f2127eae"
            ],
            "version": "==2.1.2"
        },
        "wcwidth": {
            "hashes": [
                "sha256:beb4802a9cebb9144e99086eff703a642a13d6a0052920003a230f3294bbe784",
                "sha256:c4d647b99872929fdb7bdcaa4fbe7f01413ed3d98077df798530e5b04f116c83"
            ],
            "version": "==0.2.5"
        },
        "wrapt": {
            "hashes": [
                "sha256:b62ffa81fb85f4332a4f609cab4ac40709470da05643a082ec1eb88e6d9b97d7"
            ],
            "version": "==1.12.1"
        }
    }
}
